
Microsoft Visual Studio Solution File, Format Version 12.00
# Visual Studio Version 16
VisualStudioVersion = 16.0.31605.320
MinimumVisualStudioVersion = 10.0.40219.1
Project("{9A19103F-16F7-4668-BE54-9A1E7A4F7556}") = "Mobile.Solution", "Mobile.Solution\Mobile.Solution.csproj", "{CA126D03-30B3-4B99-9928-981E53185711}"
EndProject
Project("{9A19103F-16F7-4668-BE54-9A1E7A4F7556}") = "Mobile.Variables", "Mobile.Variables\Mobile.Variables.csproj", "{3118AB99-EFA4-4DA4-9C2D-8CDBEEA0BF23}"
EndProject
Project("{9A19103F-16F7-4668-BE54-9A1E7A4F7556}") = "Mobile.Conversion", "Mobile.Conversion\Mobile.Conversion.csproj", "{A48F5FCC-1930-4278-BDBE-56AA098E860A}"
EndProject
Project("{2150E333-8FDC-42A3-9474-1A3956D46DE8}") = "Demo", "Demo", "{F68E3B36-19E2-4353-9596-775D68EA78C2}"
EndProject
Project("{2150E333-8FDC-42A3-9474-1A3956D46DE8}") = "Exo", "Exo", "{087854CD-BD7C-4F30-8DB9-E0FC1F682687}"
EndProject
Project("{9A19103F-16F7-4668-BE54-9A1E7A4F7556}") = "ExoPage104", "ExoPage104\ExoPage104.csproj", "{66DF4BC5-2118-4633-B5E8-194116A1A67D}"
EndProject
Project("{9A19103F-16F7-4668-BE54-9A1E7A4F7556}") = "ExoPage114", "ExoPage114\ExoPage114.csproj", "{4E3B4BE8-4B98-41F5-855C-7B7CB9756961}"
EndProject
Project("{9A19103F-16F7-4668-BE54-9A1E7A4F7556}") = "Mobile.Operateurs", "Mobile.Operateurs\Mobile.Operateurs.csproj", "{698CE1C6-0D0E-4C4A-AE67-3416E8A210BF}"
EndProject
Project("{9A19103F-16F7-4668-BE54-9A1E7A4F7556}") = "ExoPage138A", "ExoPage138A\ExoPage138A.csproj", "{74C3FF6F-0815-4B0E-9405-277379BB954A}"
EndProject
Project("{9A19103F-16F7-4668-BE54-9A1E7A4F7556}") = "ExoPage138B", "ExoPage138B\ExoPage138B.csproj", "{1C37B115-8DAD-4AAF-A47D-2C78F1DB5779}"
EndProject
Project("{9A19103F-16F7-4668-BE54-9A1E7A4F7556}") = "ExoPage138C", "ExoPage138C\ExoPage138C.csproj", "{1E373622-2729-47A1-8617-90D6DC98BD22}"
EndProject
Project("{9A19103F-16F7-4668-BE54-9A1E7A4F7556}") = "Mobile.Boucles", "Mobile.Boucles\Mobile.Boucles.csproj", "{47B8A6E3-01A6-447C-BE87-6A88D2F0CF18}"
EndProject
Project("{9A19103F-16F7-4668-BE54-9A1E7A4F7556}") = "ExoPage148A", "ExoPage148A\ExoPage148A.csproj", "{705BCF36-F3DC-442D-B44B-F4C86165A989}"
EndProject
Project("{9A19103F-16F7-4668-BE54-9A1E7A4F7556}") = "ExoPage148B", "ExoPage148B\ExoPage148B.csproj", "{A20AF664-5122-4E36-AB91-3D9CFEEA752C}"
EndProject
Project("{9A19103F-16F7-4668-BE54-9A1E7A4F7556}") = "ExoPage148C", "ExoPage148C\ExoPage148C.csproj", "{7F5FCE63-F12B-4A33-BC7E-520040BC02BE}"
EndProject
Project("{9A19103F-16F7-4668-BE54-9A1E7A4F7556}") = "ExoPage148D", "ExoPage148D\ExoPage148D.csproj", "{B2386EB0-6A37-4A07-AB65-171049264A1E}"
EndProject
Project("{9A19103F-16F7-4668-BE54-9A1E7A4F7556}") = "ExoPage148E", "ExoPage148E\ExoPage148E.csproj", "{059CC5B1-74A3-41D3-B907-270C95C2EC89}"
EndProject
Project("{9A19103F-16F7-4668-BE54-9A1E7A4F7556}") = "Mobile.Array", "Mobile.Array\Mobile.Array.csproj", "{BE273C26-4739-4283-B6A8-32D5C674236E}"
EndProject
Project("{9A19103F-16F7-4668-BE54-9A1E7A4F7556}") = "Mobile.TableauMatriciel", "Mobile.TableauMatriciel\Mobile.TableauMatriciel.csproj", "{F1268438-8AEB-41A7-AE95-0BEA34042E3B}"
EndProject
Project("{9A19103F-16F7-4668-BE54-9A1E7A4F7556}") = "Mobile.Collections", "Mobile.Collections\Mobile.Collections.csproj", "{83DAD768-8546-424B-A968-801144924D84}"
EndProject
Project("{9A19103F-16F7-4668-BE54-9A1E7A4F7556}") = "Mobile.Callections.Generic", "Mobile.Callections.Generic\Mobile.Callections.Generic.csproj", "{DD32CD7D-B1F5-4C84-9955-DBDAA1097051}"
EndProject
Project("{9A19103F-16F7-4668-BE54-9A1E7A4F7556}") = "ExoPage164A", "ExoPage164A\ExoPage164A.csproj", "{7BA9B3BB-DA83-4CCF-89D7-EBA01E817BE5}"
EndProject
Project("{9A19103F-16F7-4668-BE54-9A1E7A4F7556}") = "ExoPage164B", "ExoPage164B\ExoPage164B.csproj", "{15743783-EAAB-4351-B27A-AE787B8F9854}"
EndProject
Project("{9A19103F-16F7-4668-BE54-9A1E7A4F7556}") = "ExoPage164C", "ExoPage164C\ExoPage164C.csproj", "{F3F7887C-34C8-4E79-BF36-967FB8E47263}"
EndProject
Project("{9A19103F-16F7-4668-BE54-9A1E7A4F7556}") = "Mobile.Structures", "Mobile.Structures\Mobile.Structures.csproj", "{C1F2D4E1-3C62-40B9-8823-AA9D9400BC97}"
EndProject
Project("{9A19103F-16F7-4668-BE54-9A1E7A4F7556}") = "ExoPage171A", "ExoPage171A\ExoPage171A.csproj", "{B0E25E31-74D0-4107-888D-F286FC10A718}"
EndProject
Project("{9A19103F-16F7-4668-BE54-9A1E7A4F7556}") = "ExoPage171B", "ExoPage171B\ExoPage171B.csproj", "{3DE96AA2-9F11-49FA-9C06-594D36CC2EEC}"
EndProject
Project("{9A19103F-16F7-4668-BE54-9A1E7A4F7556}") = "Mobile.Methodes", "Mobile.Methodes\Mobile.Methodes.csproj", "{F20EBDA5-09D5-4F24-B9CF-5B6893E434EC}"
EndProject
Project("{9A19103F-16F7-4668-BE54-9A1E7A4F7556}") = "ExoPage192A", "ExoPage192A\ExoPage192A.csproj", "{01F42893-CE5E-4996-ADE1-7ED18F24B7AE}"
EndProject
Project("{9A19103F-16F7-4668-BE54-9A1E7A4F7556}") = "ExoPage192B", "ExoPage192B\ExoPage192B.csproj", "{D864F00F-9999-476E-9369-A50C876FFD93}"
EndProject
Project("{9A19103F-16F7-4668-BE54-9A1E7A4F7556}") = "Mobile.Enum", "Mobile.Enum\Mobile.Enum.csproj", "{28FDFA26-13F8-480B-8D84-BF3D51544C1F}"
EndProject
Project("{9A19103F-16F7-4668-BE54-9A1E7A4F7556}") = "ExoPage203", "ExoPage203\ExoPage203.csproj", "{26C32335-BC45-4A83-B8C8-30E6E57FF06D}"
EndProject
Project("{2150E333-8FDC-42A3-9474-1A3956D46DE8}") = "Fondamental", "Fondamental", "{50D15BB8-73CE-46DA-B3A7-23459B2F8F4A}"
EndProject
Project("{2150E333-8FDC-42A3-9474-1A3956D46DE8}") = "OO", "OO", "{15BFEC5E-9E3C-4C4C-91BF-39E47A123E51}"
EndProject
Project("{2150E333-8FDC-42A3-9474-1A3956D46DE8}") = "Fondamental", "Fondamental", "{9F2A7390-3BEB-475B-9C44-5172FF961F4E}"
EndProject
Project("{2150E333-8FDC-42A3-9474-1A3956D46DE8}") = "OO", "OO", "{2C35035F-0E01-4AF0-BDB1-839FE951A56E}"
EndProject
Project("{9A19103F-16F7-4668-BE54-9A1E7A4F7556}") = "Encapsulation", "Encapsulation\Encapsulation.csproj", "{8B06ADE5-5B87-42EB-BDC3-A3DEEDD2C97E}"
EndProject
Project("{9A19103F-16F7-4668-BE54-9A1E7A4F7556}") = "Heritage", "Heritage\Heritage.csproj", "{FBCD84CA-412A-41C5-A150-184908FDCC4F}"
EndProject
Project("{9A19103F-16F7-4668-BE54-9A1E7A4F7556}") = "HeritageDissimulationMethode", "HeritageDissimulationMethode\HeritageDissimulationMethode.csproj", "{EFC82454-972D-4315-8E13-EB327247A2C6}"
EndProject
Project("{9A19103F-16F7-4668-BE54-9A1E7A4F7556}") = "Indexeur", "Indexeur\Indexeur.csproj", "{3A957515-F917-40D7-8F2B-5F1424A70B84}"
EndProject
Project("{9A19103F-16F7-4668-BE54-9A1E7A4F7556}") = "EspacedeNoms", "EspacedeNoms\EspacedeNoms.csproj", "{26A172F7-F6B3-4B82-98E0-F58E91355A81}"
EndProject
Project("{9A19103F-16F7-4668-BE54-9A1E7A4F7556}") = "Proprietes", "Proprietes\Proprietes.csproj", "{672A495B-24F4-45E2-8C8F-DC7383B85AF8}"
EndProject
Project("{2150E333-8FDC-42A3-9474-1A3956D46DE8}") = "01 Encapsulation - Classes et Propriétés", "01 Encapsulation - Classes et Propriétés", "{BFC1B52F-BA7E-48DC-820C-3466C4F6397B}"
EndProject
Project("{9A19103F-16F7-4668-BE54-9A1E7A4F7556}") = "GestionBanque01", "GestionBanque01\GestionBanque01.csproj", "{1B7625E0-3646-4A7D-8DFE-187130399784}"
EndProject
Project("{2150E333-8FDC-42A3-9474-1A3956D46DE8}") = "02 Indexeurs", "02 Indexeurs", "{1CF16FFA-3E73-44CE-A386-52C917E78F99}"
EndProject
Project("{9A19103F-16F7-4668-BE54-9A1E7A4F7556}") = "GestionBanque02", "GestionBanque02\GestionBanque02.csproj", "{9A1D89DC-8EF7-4C6B-98F9-BFAD01500490}"
EndProject
Project("{9A19103F-16F7-4668-BE54-9A1E7A4F7556}") = "SurchargeOperateurs", "SurchargeOperateurs\SurchargeOperateurs.csproj", "{AE32493C-11AC-49D6-891D-09F3A3302554}"
EndProject
Project("{2150E333-8FDC-42A3-9474-1A3956D46DE8}") = "03 Surcharge d'opérateur", "03 Surcharge d'opérateur", "{0C681044-B7CD-4545-B878-20859D2054F8}"
EndProject
Project("{9A19103F-16F7-4668-BE54-9A1E7A4F7556}") = "GestionBanque03", "GestionBanque03\GestionBanque03.csproj", "{24C1B4E4-8466-408D-A3E6-5EFF38C42CDA}"
EndProject
Project("{2150E333-8FDC-42A3-9474-1A3956D46DE8}") = "04 Héritage", "04 Héritage", "{2EF633B6-2459-43B0-9C5A-4ABECE9FDAFF}"
EndProject
Project("{9A19103F-16F7-4668-BE54-9A1E7A4F7556}") = "GestionBanque04-1", "GestionBanque04-1\GestionBanque04-1.csproj", "{012205EC-8C2A-4721-9F7A-862B187D903B}"
EndProject
Project("{9A19103F-16F7-4668-BE54-9A1E7A4F7556}") = "GestionBanque04-2", "GestionBanque04-2\GestionBanque04-2.csproj", "{548F515C-DB6C-4A87-886D-37A7D830F723}"
EndProject
Project("{9A19103F-16F7-4668-BE54-9A1E7A4F7556}") = "Polymorphisme", "Polymorphisme\Polymorphisme.csproj", "{8B7B0714-2DE0-4ED7-ABE1-F562E46365EC}"
EndProject
Project("{2150E333-8FDC-42A3-9474-1A3956D46DE8}") = "05 Polymorphisme", "05 Polymorphisme", "{AEE1158B-C8B7-49FB-AE3C-E847484EE8B6}"
EndProject
Project("{9A19103F-16F7-4668-BE54-9A1E7A4F7556}") = "GestionBanque05", "GestionBanque05\GestionBanque05.csproj", "{A6E51B5E-A789-48EA-BF6A-AE9292FA1429}"
EndProject
Project("{9A19103F-16F7-4668-BE54-9A1E7A4F7556}") = "Abstrait", "Abstrait\Abstrait.csproj", "{B935438D-89C2-441F-BE34-11E26AF2936C}"
EndProject
Project("{2150E333-8FDC-42A3-9474-1A3956D46DE8}") = "06 Classes abstraites", "06 Classes abstraites", "{6E0F8A30-8D69-47F5-B938-22F25CC2DBE9}"
EndProject
Project("{9A19103F-16F7-4668-BE54-9A1E7A4F7556}") = "GestionBanque06", "GestionBanque06\GestionBanque06.csproj", "{94EB2574-2071-4D0D-9AF8-185F3CE27F8D}"
EndProject
Project("{9A19103F-16F7-4668-BE54-9A1E7A4F7556}") = "Interfaces", "Interfaces\Interfaces.csproj", "{CB3D28D4-6992-4FBB-9D2C-880623486381}"
EndProject
Project("{2150E333-8FDC-42A3-9474-1A3956D46DE8}") = "07 Interfaces", "07 Interfaces", "{C4A93F42-0C08-4A8F-86D0-4A4DEB5B7D57}"
EndProject
Project("{9A19103F-16F7-4668-BE54-9A1E7A4F7556}") = "GestionBanque07", "GestionBanque07\GestionBanque07.csproj", "{64F1CAB2-380B-4478-9D79-CC115A1B0831}"
EndProject
Project("{9A19103F-16F7-4668-BE54-9A1E7A4F7556}") = "ConstructeurDestructeur", "ConstructeurDestructeur\ConstructeurDestructeur.csproj", "{ECE96B4D-EFB1-428B-AA38-7CA6572A6308}"
EndProject
Project("{2150E333-8FDC-42A3-9474-1A3956D46DE8}") = "08 Constructeurs", "08 Constructeurs", "{29D156DA-94AB-498C-85B2-8F12A45CF96D}"
EndProject
Project("{9A19103F-16F7-4668-BE54-9A1E7A4F7556}") = "GestionBanque08", "GestionBanque08\GestionBanque08.csproj", "{83F59FA6-AA78-4CE6-849D-EB338262AAAA}"
EndProject
Project("{9A19103F-16F7-4668-BE54-9A1E7A4F7556}") = "Exceptions", "Exceptions\Exceptions.csproj", "{DBF4F71A-DD43-4367-BD9B-6C8BDB11588D}"
EndProject
Project("{2150E333-8FDC-42A3-9474-1A3956D46DE8}") = "09 Exceptions", "09 Exceptions", "{A7B1D3CE-48B8-45EB-9D8C-D5296E7056BE}"
EndProject
Project("{9A19103F-16F7-4668-BE54-9A1E7A4F7556}") = "GestionBanque09", "GestionBanque09\GestionBanque09.csproj", "{403D5F68-95A5-48FA-AAE8-A16808698105}"
EndProject
Project("{9A19103F-16F7-4668-BE54-9A1E7A4F7556}") = "DemoDelege", "DemoDelege\DemoDelege.csproj", "{24253EAF-6832-4360-AF0E-2CB5057153AE}"
EndProject
Project("{2150E333-8FDC-42A3-9474-1A3956D46DE8}") = "CarWash", "CarWash", "{42958D5F-2DFD-4623-8921-87D1B9E63E3F}"
EndProject
Project("{9A19103F-16F7-4668-BE54-9A1E7A4F7556}") = "Carwarsh", "Carwarsh\Carwarsh.csproj", "{8F6924F1-A620-40B4-A1B7-EC2254E1DC06}"
EndProject
Project("{2150E333-8FDC-42A3-9474-1A3956D46DE8}") = "CarWash2", "CarWash2", "{8899800D-557B-4071-964D-BC79E8C74F6D}"
EndProject
Project("{9A19103F-16F7-4668-BE54-9A1E7A4F7556}") = "Carwash", "Carwash\Carwash.csproj", "{7824A51C-9E93-4008-BCDF-8B50111B10C4}"
EndProject
Project("{2150E333-8FDC-42A3-9474-1A3956D46DE8}") = "10 Events", "10 Events", "{55249020-897D-4EE1-8ECC-4F9F9381F984}"
EndProject
Project("{9A19103F-16F7-4668-BE54-9A1E7A4F7556}") = "GestionBanque10", "GestionBanque10\GestionBanque10.csproj", "{F21C7B47-10D0-4377-81B6-72869293BF0A}"
EndProject
Project("{2150E333-8FDC-42A3-9474-1A3956D46DE8}") = "11 Génériques", "11 Génériques", "{1DA6EF44-B7FF-48C3-86D3-F78180AE0C10}"
EndProject
Project("{9A19103F-16F7-4668-BE54-9A1E7A4F7556}") = "GestionBanque11", "GestionBanque11\GestionBanque11.csproj", "{2A22CBE2-3A8D-4C69-86EB-DFA606AB717D}"
EndProject
Project("{2150E333-8FDC-42A3-9474-1A3956D46DE8}") = "MiniProjets", "MiniProjets", "{4D67B2D4-464C-4C2C-86BF-911262DDA08B}"
EndProject
Project("{2150E333-8FDC-42A3-9474-1A3956D46DE8}") = "courseAuto", "courseAuto", "{13C99A66-DA7E-489F-BD5B-8539E767B0A3}"
EndProject
Project("{9A19103F-16F7-4668-BE54-9A1E7A4F7556}") = "CourseAuto", "CourseAuto\CourseAuto.csproj", "{5532A505-ACDE-4251-86DB-FC984EE88C77}"
EndProject
Project("{2150E333-8FDC-42A3-9474-1A3956D46DE8}") = "Csharquarium", "Csharquarium", "{2EC7943B-CA88-478C-B9B9-0BA4B50284F2}"
EndProject
Project("{FAE04EC0-301F-11D3-BF4B-00C04F79EFBC}") = "Csharquarium", "Csharquarium\Csharquarium.csproj", "{0C0EEA22-C0DD-49E1-8CE6-1A7B0F76C6B8}"
EndProject
Global
	GlobalSection(SolutionConfigurationPlatforms) = preSolution
		Debug|Any CPU = Debug|Any CPU
		Release|Any CPU = Release|Any CPU
	EndGlobalSection
	GlobalSection(ProjectConfigurationPlatforms) = postSolution
		{CA126D03-30B3-4B99-9928-981E53185711}.Debug|Any CPU.ActiveCfg = Debug|Any CPU
		{CA126D03-30B3-4B99-9928-981E53185711}.Debug|Any CPU.Build.0 = Debug|Any CPU
		{CA126D03-30B3-4B99-9928-981E53185711}.Release|Any CPU.ActiveCfg = Release|Any CPU
		{CA126D03-30B3-4B99-9928-981E53185711}.Release|Any CPU.Build.0 = Release|Any CPU
		{3118AB99-EFA4-4DA4-9C2D-8CDBEEA0BF23}.Debug|Any CPU.ActiveCfg = Debug|Any CPU
		{3118AB99-EFA4-4DA4-9C2D-8CDBEEA0BF23}.Debug|Any CPU.Build.0 = Debug|Any CPU
		{3118AB99-EFA4-4DA4-9C2D-8CDBEEA0BF23}.Release|Any CPU.ActiveCfg = Release|Any CPU
		{3118AB99-EFA4-4DA4-9C2D-8CDBEEA0BF23}.Release|Any CPU.Build.0 = Release|Any CPU
		{A48F5FCC-1930-4278-BDBE-56AA098E860A}.Debug|Any CPU.ActiveCfg = Debug|Any CPU
		{A48F5FCC-1930-4278-BDBE-56AA098E860A}.Debug|Any CPU.Build.0 = Debug|Any CPU
		{A48F5FCC-1930-4278-BDBE-56AA098E860A}.Release|Any CPU.ActiveCfg = Release|Any CPU
		{A48F5FCC-1930-4278-BDBE-56AA098E860A}.Release|Any CPU.Build.0 = Release|Any CPU
		{66DF4BC5-2118-4633-B5E8-194116A1A67D}.Debug|Any CPU.ActiveCfg = Debug|Any CPU
		{66DF4BC5-2118-4633-B5E8-194116A1A67D}.Debug|Any CPU.Build.0 = Debug|Any CPU
		{66DF4BC5-2118-4633-B5E8-194116A1A67D}.Release|Any CPU.ActiveCfg = Release|Any CPU
		{66DF4BC5-2118-4633-B5E8-194116A1A67D}.Release|Any CPU.Build.0 = Release|Any CPU
		{4E3B4BE8-4B98-41F5-855C-7B7CB9756961}.Debug|Any CPU.ActiveCfg = Debug|Any CPU
		{4E3B4BE8-4B98-41F5-855C-7B7CB9756961}.Debug|Any CPU.Build.0 = Debug|Any CPU
		{4E3B4BE8-4B98-41F5-855C-7B7CB9756961}.Release|Any CPU.ActiveCfg = Release|Any CPU
		{4E3B4BE8-4B98-41F5-855C-7B7CB9756961}.Release|Any CPU.Build.0 = Release|Any CPU
		{698CE1C6-0D0E-4C4A-AE67-3416E8A210BF}.Debug|Any CPU.ActiveCfg = Debug|Any CPU
		{698CE1C6-0D0E-4C4A-AE67-3416E8A210BF}.Debug|Any CPU.Build.0 = Debug|Any CPU
		{698CE1C6-0D0E-4C4A-AE67-3416E8A210BF}.Release|Any CPU.ActiveCfg = Release|Any CPU
		{698CE1C6-0D0E-4C4A-AE67-3416E8A210BF}.Release|Any CPU.Build.0 = Release|Any CPU
		{74C3FF6F-0815-4B0E-9405-277379BB954A}.Debug|Any CPU.ActiveCfg = Debug|Any CPU
		{74C3FF6F-0815-4B0E-9405-277379BB954A}.Debug|Any CPU.Build.0 = Debug|Any CPU
		{74C3FF6F-0815-4B0E-9405-277379BB954A}.Release|Any CPU.ActiveCfg = Release|Any CPU
		{74C3FF6F-0815-4B0E-9405-277379BB954A}.Release|Any CPU.Build.0 = Release|Any CPU
		{1C37B115-8DAD-4AAF-A47D-2C78F1DB5779}.Debug|Any CPU.ActiveCfg = Debug|Any CPU
		{1C37B115-8DAD-4AAF-A47D-2C78F1DB5779}.Debug|Any CPU.Build.0 = Debug|Any CPU
		{1C37B115-8DAD-4AAF-A47D-2C78F1DB5779}.Release|Any CPU.ActiveCfg = Release|Any CPU
		{1C37B115-8DAD-4AAF-A47D-2C78F1DB5779}.Release|Any CPU.Build.0 = Release|Any CPU
		{1E373622-2729-47A1-8617-90D6DC98BD22}.Debug|Any CPU.ActiveCfg = Debug|Any CPU
		{1E373622-2729-47A1-8617-90D6DC98BD22}.Debug|Any CPU.Build.0 = Debug|Any CPU
		{1E373622-2729-47A1-8617-90D6DC98BD22}.Release|Any CPU.ActiveCfg = Release|Any CPU
		{1E373622-2729-47A1-8617-90D6DC98BD22}.Release|Any CPU.Build.0 = Release|Any CPU
		{47B8A6E3-01A6-447C-BE87-6A88D2F0CF18}.Debug|Any CPU.ActiveCfg = Debug|Any CPU
		{47B8A6E3-01A6-447C-BE87-6A88D2F0CF18}.Debug|Any CPU.Build.0 = Debug|Any CPU
		{47B8A6E3-01A6-447C-BE87-6A88D2F0CF18}.Release|Any CPU.ActiveCfg = Release|Any CPU
		{47B8A6E3-01A6-447C-BE87-6A88D2F0CF18}.Release|Any CPU.Build.0 = Release|Any CPU
		{705BCF36-F3DC-442D-B44B-F4C86165A989}.Debug|Any CPU.ActiveCfg = Debug|Any CPU
		{705BCF36-F3DC-442D-B44B-F4C86165A989}.Debug|Any CPU.Build.0 = Debug|Any CPU
		{705BCF36-F3DC-442D-B44B-F4C86165A989}.Release|Any CPU.ActiveCfg = Release|Any CPU
		{705BCF36-F3DC-442D-B44B-F4C86165A989}.Release|Any CPU.Build.0 = Release|Any CPU
		{A20AF664-5122-4E36-AB91-3D9CFEEA752C}.Debug|Any CPU.ActiveCfg = Debug|Any CPU
		{A20AF664-5122-4E36-AB91-3D9CFEEA752C}.Debug|Any CPU.Build.0 = Debug|Any CPU
		{A20AF664-5122-4E36-AB91-3D9CFEEA752C}.Release|Any CPU.ActiveCfg = Release|Any CPU
		{A20AF664-5122-4E36-AB91-3D9CFEEA752C}.Release|Any CPU.Build.0 = Release|Any CPU
		{7F5FCE63-F12B-4A33-BC7E-520040BC02BE}.Debug|Any CPU.ActiveCfg = Debug|Any CPU
		{7F5FCE63-F12B-4A33-BC7E-520040BC02BE}.Debug|Any CPU.Build.0 = Debug|Any CPU
		{7F5FCE63-F12B-4A33-BC7E-520040BC02BE}.Release|Any CPU.ActiveCfg = Release|Any CPU
		{7F5FCE63-F12B-4A33-BC7E-520040BC02BE}.Release|Any CPU.Build.0 = Release|Any CPU
		{B2386EB0-6A37-4A07-AB65-171049264A1E}.Debug|Any CPU.ActiveCfg = Debug|Any CPU
		{B2386EB0-6A37-4A07-AB65-171049264A1E}.Debug|Any CPU.Build.0 = Debug|Any CPU
		{B2386EB0-6A37-4A07-AB65-171049264A1E}.Release|Any CPU.ActiveCfg = Release|Any CPU
		{B2386EB0-6A37-4A07-AB65-171049264A1E}.Release|Any CPU.Build.0 = Release|Any CPU
		{059CC5B1-74A3-41D3-B907-270C95C2EC89}.Debug|Any CPU.ActiveCfg = Debug|Any CPU
		{059CC5B1-74A3-41D3-B907-270C95C2EC89}.Debug|Any CPU.Build.0 = Debug|Any CPU
		{059CC5B1-74A3-41D3-B907-270C95C2EC89}.Release|Any CPU.ActiveCfg = Release|Any CPU
		{059CC5B1-74A3-41D3-B907-270C95C2EC89}.Release|Any CPU.Build.0 = Release|Any CPU
		{BE273C26-4739-4283-B6A8-32D5C674236E}.Debug|Any CPU.ActiveCfg = Debug|Any CPU
		{BE273C26-4739-4283-B6A8-32D5C674236E}.Debug|Any CPU.Build.0 = Debug|Any CPU
		{BE273C26-4739-4283-B6A8-32D5C674236E}.Release|Any CPU.ActiveCfg = Release|Any CPU
		{BE273C26-4739-4283-B6A8-32D5C674236E}.Release|Any CPU.Build.0 = Release|Any CPU
		{F1268438-8AEB-41A7-AE95-0BEA34042E3B}.Debug|Any CPU.ActiveCfg = Debug|Any CPU
		{F1268438-8AEB-41A7-AE95-0BEA34042E3B}.Debug|Any CPU.Build.0 = Debug|Any CPU
		{F1268438-8AEB-41A7-AE95-0BEA34042E3B}.Release|Any CPU.ActiveCfg = Release|Any CPU
		{F1268438-8AEB-41A7-AE95-0BEA34042E3B}.Release|Any CPU.Build.0 = Release|Any CPU
		{83DAD768-8546-424B-A968-801144924D84}.Debug|Any CPU.ActiveCfg = Debug|Any CPU
		{83DAD768-8546-424B-A968-801144924D84}.Debug|Any CPU.Build.0 = Debug|Any CPU
		{83DAD768-8546-424B-A968-801144924D84}.Release|Any CPU.ActiveCfg = Release|Any CPU
		{83DAD768-8546-424B-A968-801144924D84}.Release|Any CPU.Build.0 = Release|Any CPU
		{DD32CD7D-B1F5-4C84-9955-DBDAA1097051}.Debug|Any CPU.ActiveCfg = Debug|Any CPU
		{DD32CD7D-B1F5-4C84-9955-DBDAA1097051}.Debug|Any CPU.Build.0 = Debug|Any CPU
		{DD32CD7D-B1F5-4C84-9955-DBDAA1097051}.Release|Any CPU.ActiveCfg = Release|Any CPU
		{DD32CD7D-B1F5-4C84-9955-DBDAA1097051}.Release|Any CPU.Build.0 = Release|Any CPU
		{7BA9B3BB-DA83-4CCF-89D7-EBA01E817BE5}.Debug|Any CPU.ActiveCfg = Debug|Any CPU
		{7BA9B3BB-DA83-4CCF-89D7-EBA01E817BE5}.Debug|Any CPU.Build.0 = Debug|Any CPU
		{7BA9B3BB-DA83-4CCF-89D7-EBA01E817BE5}.Release|Any CPU.ActiveCfg = Release|Any CPU
		{7BA9B3BB-DA83-4CCF-89D7-EBA01E817BE5}.Release|Any CPU.Build.0 = Release|Any CPU
		{15743783-EAAB-4351-B27A-AE787B8F9854}.Debug|Any CPU.ActiveCfg = Debug|Any CPU
		{15743783-EAAB-4351-B27A-AE787B8F9854}.Debug|Any CPU.Build.0 = Debug|Any CPU
		{15743783-EAAB-4351-B27A-AE787B8F9854}.Release|Any CPU.ActiveCfg = Release|Any CPU
		{15743783-EAAB-4351-B27A-AE787B8F9854}.Release|Any CPU.Build.0 = Release|Any CPU
		{F3F7887C-34C8-4E79-BF36-967FB8E47263}.Debug|Any CPU.ActiveCfg = Debug|Any CPU
		{F3F7887C-34C8-4E79-BF36-967FB8E47263}.Debug|Any CPU.Build.0 = Debug|Any CPU
		{F3F7887C-34C8-4E79-BF36-967FB8E47263}.Release|Any CPU.ActiveCfg = Release|Any CPU
		{F3F7887C-34C8-4E79-BF36-967FB8E47263}.Release|Any CPU.Build.0 = Release|Any CPU
		{C1F2D4E1-3C62-40B9-8823-AA9D9400BC97}.Debug|Any CPU.ActiveCfg = Debug|Any CPU
		{C1F2D4E1-3C62-40B9-8823-AA9D9400BC97}.Debug|Any CPU.Build.0 = Debug|Any CPU
		{C1F2D4E1-3C62-40B9-8823-AA9D9400BC97}.Release|Any CPU.ActiveCfg = Release|Any CPU
		{C1F2D4E1-3C62-40B9-8823-AA9D9400BC97}.Release|Any CPU.Build.0 = Release|Any CPU
		{B0E25E31-74D0-4107-888D-F286FC10A718}.Debug|Any CPU.ActiveCfg = Debug|Any CPU
		{B0E25E31-74D0-4107-888D-F286FC10A718}.Debug|Any CPU.Build.0 = Debug|Any CPU
		{B0E25E31-74D0-4107-888D-F286FC10A718}.Release|Any CPU.ActiveCfg = Release|Any CPU
		{B0E25E31-74D0-4107-888D-F286FC10A718}.Release|Any CPU.Build.0 = Release|Any CPU
		{3DE96AA2-9F11-49FA-9C06-594D36CC2EEC}.Debug|Any CPU.ActiveCfg = Debug|Any CPU
		{3DE96AA2-9F11-49FA-9C06-594D36CC2EEC}.Debug|Any CPU.Build.0 = Debug|Any CPU
		{3DE96AA2-9F11-49FA-9C06-594D36CC2EEC}.Release|Any CPU.ActiveCfg = Release|Any CPU
		{3DE96AA2-9F11-49FA-9C06-594D36CC2EEC}.Release|Any CPU.Build.0 = Release|Any CPU
		{F20EBDA5-09D5-4F24-B9CF-5B6893E434EC}.Debug|Any CPU.ActiveCfg = Debug|Any CPU
		{F20EBDA5-09D5-4F24-B9CF-5B6893E434EC}.Debug|Any CPU.Build.0 = Debug|Any CPU
		{F20EBDA5-09D5-4F24-B9CF-5B6893E434EC}.Release|Any CPU.ActiveCfg = Release|Any CPU
		{F20EBDA5-09D5-4F24-B9CF-5B6893E434EC}.Release|Any CPU.Build.0 = Release|Any CPU
		{01F42893-CE5E-4996-ADE1-7ED18F24B7AE}.Debug|Any CPU.ActiveCfg = Debug|Any CPU
		{01F42893-CE5E-4996-ADE1-7ED18F24B7AE}.Debug|Any CPU.Build.0 = Debug|Any CPU
		{01F42893-CE5E-4996-ADE1-7ED18F24B7AE}.Release|Any CPU.ActiveCfg = Release|Any CPU
		{01F42893-CE5E-4996-ADE1-7ED18F24B7AE}.Release|Any CPU.Build.0 = Release|Any CPU
		{D864F00F-9999-476E-9369-A50C876FFD93}.Debug|Any CPU.ActiveCfg = Debug|Any CPU
		{D864F00F-9999-476E-9369-A50C876FFD93}.Debug|Any CPU.Build.0 = Debug|Any CPU
		{D864F00F-9999-476E-9369-A50C876FFD93}.Release|Any CPU.ActiveCfg = Release|Any CPU
		{D864F00F-9999-476E-9369-A50C876FFD93}.Release|Any CPU.Build.0 = Release|Any CPU
		{28FDFA26-13F8-480B-8D84-BF3D51544C1F}.Debug|Any CPU.ActiveCfg = Debug|Any CPU
		{28FDFA26-13F8-480B-8D84-BF3D51544C1F}.Debug|Any CPU.Build.0 = Debug|Any CPU
		{28FDFA26-13F8-480B-8D84-BF3D51544C1F}.Release|Any CPU.ActiveCfg = Release|Any CPU
		{28FDFA26-13F8-480B-8D84-BF3D51544C1F}.Release|Any CPU.Build.0 = Release|Any CPU
		{26C32335-BC45-4A83-B8C8-30E6E57FF06D}.Debug|Any CPU.ActiveCfg = Debug|Any CPU
		{26C32335-BC45-4A83-B8C8-30E6E57FF06D}.Debug|Any CPU.Build.0 = Debug|Any CPU
		{26C32335-BC45-4A83-B8C8-30E6E57FF06D}.Release|Any CPU.ActiveCfg = Release|Any CPU
		{26C32335-BC45-4A83-B8C8-30E6E57FF06D}.Release|Any CPU.Build.0 = Release|Any CPU
		{8B06ADE5-5B87-42EB-BDC3-A3DEEDD2C97E}.Debug|Any CPU.ActiveCfg = Debug|Any CPU
		{8B06ADE5-5B87-42EB-BDC3-A3DEEDD2C97E}.Debug|Any CPU.Build.0 = Debug|Any CPU
		{8B06ADE5-5B87-42EB-BDC3-A3DEEDD2C97E}.Release|Any CPU.ActiveCfg = Release|Any CPU
		{8B06ADE5-5B87-42EB-BDC3-A3DEEDD2C97E}.Release|Any CPU.Build.0 = Release|Any CPU
		{FBCD84CA-412A-41C5-A150-184908FDCC4F}.Debug|Any CPU.ActiveCfg = Debug|Any CPU
		{FBCD84CA-412A-41C5-A150-184908FDCC4F}.Debug|Any CPU.Build.0 = Debug|Any CPU
		{FBCD84CA-412A-41C5-A150-184908FDCC4F}.Release|Any CPU.ActiveCfg = Release|Any CPU
		{FBCD84CA-412A-41C5-A150-184908FDCC4F}.Release|Any CPU.Build.0 = Release|Any CPU
		{EFC82454-972D-4315-8E13-EB327247A2C6}.Debug|Any CPU.ActiveCfg = Debug|Any CPU
		{EFC82454-972D-4315-8E13-EB327247A2C6}.Debug|Any CPU.Build.0 = Debug|Any CPU
		{EFC82454-972D-4315-8E13-EB327247A2C6}.Release|Any CPU.ActiveCfg = Release|Any CPU
		{EFC82454-972D-4315-8E13-EB327247A2C6}.Release|Any CPU.Build.0 = Release|Any CPU
		{3A957515-F917-40D7-8F2B-5F1424A70B84}.Debug|Any CPU.ActiveCfg = Debug|Any CPU
		{3A957515-F917-40D7-8F2B-5F1424A70B84}.Debug|Any CPU.Build.0 = Debug|Any CPU
		{3A957515-F917-40D7-8F2B-5F1424A70B84}.Release|Any CPU.ActiveCfg = Release|Any CPU
		{3A957515-F917-40D7-8F2B-5F1424A70B84}.Release|Any CPU.Build.0 = Release|Any CPU
		{26A172F7-F6B3-4B82-98E0-F58E91355A81}.Debug|Any CPU.ActiveCfg = Debug|Any CPU
		{26A172F7-F6B3-4B82-98E0-F58E91355A81}.Debug|Any CPU.Build.0 = Debug|Any CPU
		{26A172F7-F6B3-4B82-98E0-F58E91355A81}.Release|Any CPU.ActiveCfg = Release|Any CPU
		{26A172F7-F6B3-4B82-98E0-F58E91355A81}.Release|Any CPU.Build.0 = Release|Any CPU
		{672A495B-24F4-45E2-8C8F-DC7383B85AF8}.Debug|Any CPU.ActiveCfg = Debug|Any CPU
		{672A495B-24F4-45E2-8C8F-DC7383B85AF8}.Debug|Any CPU.Build.0 = Debug|Any CPU
		{672A495B-24F4-45E2-8C8F-DC7383B85AF8}.Release|Any CPU.ActiveCfg = Release|Any CPU
		{672A495B-24F4-45E2-8C8F-DC7383B85AF8}.Release|Any CPU.Build.0 = Release|Any CPU
		{1B7625E0-3646-4A7D-8DFE-187130399784}.Debug|Any CPU.ActiveCfg = Debug|Any CPU
		{1B7625E0-3646-4A7D-8DFE-187130399784}.Debug|Any CPU.Build.0 = Debug|Any CPU
		{1B7625E0-3646-4A7D-8DFE-187130399784}.Release|Any CPU.ActiveCfg = Release|Any CPU
		{1B7625E0-3646-4A7D-8DFE-187130399784}.Release|Any CPU.Build.0 = Release|Any CPU
		{9A1D89DC-8EF7-4C6B-98F9-BFAD01500490}.Debug|Any CPU.ActiveCfg = Debug|Any CPU
		{9A1D89DC-8EF7-4C6B-98F9-BFAD01500490}.Debug|Any CPU.Build.0 = Debug|Any CPU
		{9A1D89DC-8EF7-4C6B-98F9-BFAD01500490}.Release|Any CPU.ActiveCfg = Release|Any CPU
		{9A1D89DC-8EF7-4C6B-98F9-BFAD01500490}.Release|Any CPU.Build.0 = Release|Any CPU
		{AE32493C-11AC-49D6-891D-09F3A3302554}.Debug|Any CPU.ActiveCfg = Debug|Any CPU
		{AE32493C-11AC-49D6-891D-09F3A3302554}.Debug|Any CPU.Build.0 = Debug|Any CPU
		{AE32493C-11AC-49D6-891D-09F3A3302554}.Release|Any CPU.ActiveCfg = Release|Any CPU
		{AE32493C-11AC-49D6-891D-09F3A3302554}.Release|Any CPU.Build.0 = Release|Any CPU
		{24C1B4E4-8466-408D-A3E6-5EFF38C42CDA}.Debug|Any CPU.ActiveCfg = Debug|Any CPU
		{24C1B4E4-8466-408D-A3E6-5EFF38C42CDA}.Debug|Any CPU.Build.0 = Debug|Any CPU
		{24C1B4E4-8466-408D-A3E6-5EFF38C42CDA}.Release|Any CPU.ActiveCfg = Release|Any CPU
		{24C1B4E4-8466-408D-A3E6-5EFF38C42CDA}.Release|Any CPU.Build.0 = Release|Any CPU
		{012205EC-8C2A-4721-9F7A-862B187D903B}.Debug|Any CPU.ActiveCfg = Debug|Any CPU
		{012205EC-8C2A-4721-9F7A-862B187D903B}.Debug|Any CPU.Build.0 = Debug|Any CPU
		{012205EC-8C2A-4721-9F7A-862B187D903B}.Release|Any CPU.ActiveCfg = Release|Any CPU
		{012205EC-8C2A-4721-9F7A-862B187D903B}.Release|Any CPU.Build.0 = Release|Any CPU
		{548F515C-DB6C-4A87-886D-37A7D830F723}.Debug|Any CPU.ActiveCfg = Debug|Any CPU
		{548F515C-DB6C-4A87-886D-37A7D830F723}.Debug|Any CPU.Build.0 = Debug|Any CPU
		{548F515C-DB6C-4A87-886D-37A7D830F723}.Release|Any CPU.ActiveCfg = Release|Any CPU
		{548F515C-DB6C-4A87-886D-37A7D830F723}.Release|Any CPU.Build.0 = Release|Any CPU
		{8B7B0714-2DE0-4ED7-ABE1-F562E46365EC}.Debug|Any CPU.ActiveCfg = Debug|Any CPU
		{8B7B0714-2DE0-4ED7-ABE1-F562E46365EC}.Debug|Any CPU.Build.0 = Debug|Any CPU
		{8B7B0714-2DE0-4ED7-ABE1-F562E46365EC}.Release|Any CPU.ActiveCfg = Release|Any CPU
		{8B7B0714-2DE0-4ED7-ABE1-F562E46365EC}.Release|Any CPU.Build.0 = Release|Any CPU
		{A6E51B5E-A789-48EA-BF6A-AE9292FA1429}.Debug|Any CPU.ActiveCfg = Debug|Any CPU
		{A6E51B5E-A789-48EA-BF6A-AE9292FA1429}.Debug|Any CPU.Build.0 = Debug|Any CPU
		{A6E51B5E-A789-48EA-BF6A-AE9292FA1429}.Release|Any CPU.ActiveCfg = Release|Any CPU
		{A6E51B5E-A789-48EA-BF6A-AE9292FA1429}.Release|Any CPU.Build.0 = Release|Any CPU
		{B935438D-89C2-441F-BE34-11E26AF2936C}.Debug|Any CPU.ActiveCfg = Debug|Any CPU
		{B935438D-89C2-441F-BE34-11E26AF2936C}.Debug|Any CPU.Build.0 = Debug|Any CPU
		{B935438D-89C2-441F-BE34-11E26AF2936C}.Release|Any CPU.ActiveCfg = Release|Any CPU
		{B935438D-89C2-441F-BE34-11E26AF2936C}.Release|Any CPU.Build.0 = Release|Any CPU
		{94EB2574-2071-4D0D-9AF8-185F3CE27F8D}.Debug|Any CPU.ActiveCfg = Debug|Any CPU
		{94EB2574-2071-4D0D-9AF8-185F3CE27F8D}.Debug|Any CPU.Build.0 = Debug|Any CPU
		{94EB2574-2071-4D0D-9AF8-185F3CE27F8D}.Release|Any CPU.ActiveCfg = Release|Any CPU
		{94EB2574-2071-4D0D-9AF8-185F3CE27F8D}.Release|Any CPU.Build.0 = Release|Any CPU
		{CB3D28D4-6992-4FBB-9D2C-880623486381}.Debug|Any CPU.ActiveCfg = Debug|Any CPU
		{CB3D28D4-6992-4FBB-9D2C-880623486381}.Debug|Any CPU.Build.0 = Debug|Any CPU
		{CB3D28D4-6992-4FBB-9D2C-880623486381}.Release|Any CPU.ActiveCfg = Release|Any CPU
		{CB3D28D4-6992-4FBB-9D2C-880623486381}.Release|Any CPU.Build.0 = Release|Any CPU
		{64F1CAB2-380B-4478-9D79-CC115A1B0831}.Debug|Any CPU.ActiveCfg = Debug|Any CPU
		{64F1CAB2-380B-4478-9D79-CC115A1B0831}.Debug|Any CPU.Build.0 = Debug|Any CPU
		{64F1CAB2-380B-4478-9D79-CC115A1B0831}.Release|Any CPU.ActiveCfg = Release|Any CPU
		{64F1CAB2-380B-4478-9D79-CC115A1B0831}.Release|Any CPU.Build.0 = Release|Any CPU
		{ECE96B4D-EFB1-428B-AA38-7CA6572A6308}.Debug|Any CPU.ActiveCfg = Debug|Any CPU
		{ECE96B4D-EFB1-428B-AA38-7CA6572A6308}.Debug|Any CPU.Build.0 = Debug|Any CPU
		{ECE96B4D-EFB1-428B-AA38-7CA6572A6308}.Release|Any CPU.ActiveCfg = Release|Any CPU
		{ECE96B4D-EFB1-428B-AA38-7CA6572A6308}.Release|Any CPU.Build.0 = Release|Any CPU
		{83F59FA6-AA78-4CE6-849D-EB338262AAAA}.Debug|Any CPU.ActiveCfg = Debug|Any CPU
		{83F59FA6-AA78-4CE6-849D-EB338262AAAA}.Debug|Any CPU.Build.0 = Debug|Any CPU
		{83F59FA6-AA78-4CE6-849D-EB338262AAAA}.Release|Any CPU.ActiveCfg = Release|Any CPU
		{83F59FA6-AA78-4CE6-849D-EB338262AAAA}.Release|Any CPU.Build.0 = Release|Any CPU
		{DBF4F71A-DD43-4367-BD9B-6C8BDB11588D}.Debug|Any CPU.ActiveCfg = Debug|Any CPU
		{DBF4F71A-DD43-4367-BD9B-6C8BDB11588D}.Debug|Any CPU.Build.0 = Debug|Any CPU
		{DBF4F71A-DD43-4367-BD9B-6C8BDB11588D}.Release|Any CPU.ActiveCfg = Release|Any CPU
		{DBF4F71A-DD43-4367-BD9B-6C8BDB11588D}.Release|Any CPU.Build.0 = Release|Any CPU
		{403D5F68-95A5-48FA-AAE8-A16808698105}.Debug|Any CPU.ActiveCfg = Debug|Any CPU
		{403D5F68-95A5-48FA-AAE8-A16808698105}.Debug|Any CPU.Build.0 = Debug|Any CPU
		{403D5F68-95A5-48FA-AAE8-A16808698105}.Release|Any CPU.ActiveCfg = Release|Any CPU
		{403D5F68-95A5-48FA-AAE8-A16808698105}.Release|Any CPU.Build.0 = Release|Any CPU
		{24253EAF-6832-4360-AF0E-2CB5057153AE}.Debug|Any CPU.ActiveCfg = Debug|Any CPU
		{24253EAF-6832-4360-AF0E-2CB5057153AE}.Debug|Any CPU.Build.0 = Debug|Any CPU
		{24253EAF-6832-4360-AF0E-2CB5057153AE}.Release|Any CPU.ActiveCfg = Release|Any CPU
		{24253EAF-6832-4360-AF0E-2CB5057153AE}.Release|Any CPU.Build.0 = Release|Any CPU
		{8F6924F1-A620-40B4-A1B7-EC2254E1DC06}.Debug|Any CPU.ActiveCfg = Debug|Any CPU
		{8F6924F1-A620-40B4-A1B7-EC2254E1DC06}.Debug|Any CPU.Build.0 = Debug|Any CPU
		{8F6924F1-A620-40B4-A1B7-EC2254E1DC06}.Release|Any CPU.ActiveCfg = Release|Any CPU
		{8F6924F1-A620-40B4-A1B7-EC2254E1DC06}.Release|Any CPU.Build.0 = Release|Any CPU
		{7824A51C-9E93-4008-BCDF-8B50111B10C4}.Debug|Any CPU.ActiveCfg = Debug|Any CPU
		{7824A51C-9E93-4008-BCDF-8B50111B10C4}.Debug|Any CPU.Build.0 = Debug|Any CPU
		{7824A51C-9E93-4008-BCDF-8B50111B10C4}.Release|Any CPU.ActiveCfg = Release|Any CPU
		{7824A51C-9E93-4008-BCDF-8B50111B10C4}.Release|Any CPU.Build.0 = Release|Any CPU
		{F21C7B47-10D0-4377-81B6-72869293BF0A}.Debug|Any CPU.ActiveCfg = Debug|Any CPU
		{F21C7B47-10D0-4377-81B6-72869293BF0A}.Debug|Any CPU.Build.0 = Debug|Any CPU
		{F21C7B47-10D0-4377-81B6-72869293BF0A}.Release|Any CPU.ActiveCfg = Release|Any CPU
		{F21C7B47-10D0-4377-81B6-72869293BF0A}.Release|Any CPU.Build.0 = Release|Any CPU
		{2A22CBE2-3A8D-4C69-86EB-DFA606AB717D}.Debug|Any CPU.ActiveCfg = Debug|Any CPU
		{2A22CBE2-3A8D-4C69-86EB-DFA606AB717D}.Debug|Any CPU.Build.0 = Debug|Any CPU
		{2A22CBE2-3A8D-4C69-86EB-DFA606AB717D}.Release|Any CPU.ActiveCfg = Release|Any CPU
		{2A22CBE2-3A8D-4C69-86EB-DFA606AB717D}.Release|Any CPU.Build.0 = Release|Any CPU
		{5532A505-ACDE-4251-86DB-FC984EE88C77}.Debug|Any CPU.ActiveCfg = Debug|Any CPU
		{5532A505-ACDE-4251-86DB-FC984EE88C77}.Debug|Any CPU.Build.0 = Debug|Any CPU
		{5532A505-ACDE-4251-86DB-FC984EE88C77}.Release|Any CPU.ActiveCfg = Release|Any CPU
		{5532A505-ACDE-4251-86DB-FC984EE88C77}.Release|Any CPU.Build.0 = Release|Any CPU
		{0C0EEA22-C0DD-49E1-8CE6-1A7B0F76C6B8}.Debug|Any CPU.ActiveCfg = Debug|Any CPU
		{0C0EEA22-C0DD-49E1-8CE6-1A7B0F76C6B8}.Debug|Any CPU.Build.0 = Debug|Any CPU
		{0C0EEA22-C0DD-49E1-8CE6-1A7B0F76C6B8}.Release|Any CPU.ActiveCfg = Release|Any CPU
		{0C0EEA22-C0DD-49E1-8CE6-1A7B0F76C6B8}.Release|Any CPU.Build.0 = Release|Any CPU
	EndGlobalSection
	GlobalSection(SolutionProperties) = preSolution
		HideSolutionNode = FALSE
	EndGlobalSection
	GlobalSection(NestedProjects) = preSolution
		{CA126D03-30B3-4B99-9928-981E53185711} = {50D15BB8-73CE-46DA-B3A7-23459B2F8F4A}
		{3118AB99-EFA4-4DA4-9C2D-8CDBEEA0BF23} = {50D15BB8-73CE-46DA-B3A7-23459B2F8F4A}
		{A48F5FCC-1930-4278-BDBE-56AA098E860A} = {50D15BB8-73CE-46DA-B3A7-23459B2F8F4A}
		{66DF4BC5-2118-4633-B5E8-194116A1A67D} = {9F2A7390-3BEB-475B-9C44-5172FF961F4E}
		{4E3B4BE8-4B98-41F5-855C-7B7CB9756961} = {9F2A7390-3BEB-475B-9C44-5172FF961F4E}
		{698CE1C6-0D0E-4C4A-AE67-3416E8A210BF} = {50D15BB8-73CE-46DA-B3A7-23459B2F8F4A}
		{74C3FF6F-0815-4B0E-9405-277379BB954A} = {9F2A7390-3BEB-475B-9C44-5172FF961F4E}
		{1C37B115-8DAD-4AAF-A47D-2C78F1DB5779} = {9F2A7390-3BEB-475B-9C44-5172FF961F4E}
		{1E373622-2729-47A1-8617-90D6DC98BD22} = {9F2A7390-3BEB-475B-9C44-5172FF961F4E}
		{47B8A6E3-01A6-447C-BE87-6A88D2F0CF18} = {50D15BB8-73CE-46DA-B3A7-23459B2F8F4A}
		{705BCF36-F3DC-442D-B44B-F4C86165A989} = {9F2A7390-3BEB-475B-9C44-5172FF961F4E}
		{A20AF664-5122-4E36-AB91-3D9CFEEA752C} = {9F2A7390-3BEB-475B-9C44-5172FF961F4E}
		{7F5FCE63-F12B-4A33-BC7E-520040BC02BE} = {9F2A7390-3BEB-475B-9C44-5172FF961F4E}
		{B2386EB0-6A37-4A07-AB65-171049264A1E} = {9F2A7390-3BEB-475B-9C44-5172FF961F4E}
		{059CC5B1-74A3-41D3-B907-270C95C2EC89} = {9F2A7390-3BEB-475B-9C44-5172FF961F4E}
		{BE273C26-4739-4283-B6A8-32D5C674236E} = {50D15BB8-73CE-46DA-B3A7-23459B2F8F4A}
		{F1268438-8AEB-41A7-AE95-0BEA34042E3B} = {50D15BB8-73CE-46DA-B3A7-23459B2F8F4A}
		{83DAD768-8546-424B-A968-801144924D84} = {50D15BB8-73CE-46DA-B3A7-23459B2F8F4A}
		{DD32CD7D-B1F5-4C84-9955-DBDAA1097051} = {50D15BB8-73CE-46DA-B3A7-23459B2F8F4A}
		{7BA9B3BB-DA83-4CCF-89D7-EBA01E817BE5} = {9F2A7390-3BEB-475B-9C44-5172FF961F4E}
		{15743783-EAAB-4351-B27A-AE787B8F9854} = {9F2A7390-3BEB-475B-9C44-5172FF961F4E}
		{F3F7887C-34C8-4E79-BF36-967FB8E47263} = {9F2A7390-3BEB-475B-9C44-5172FF961F4E}
		{C1F2D4E1-3C62-40B9-8823-AA9D9400BC97} = {50D15BB8-73CE-46DA-B3A7-23459B2F8F4A}
		{B0E25E31-74D0-4107-888D-F286FC10A718} = {9F2A7390-3BEB-475B-9C44-5172FF961F4E}
		{3DE96AA2-9F11-49FA-9C06-594D36CC2EEC} = {9F2A7390-3BEB-475B-9C44-5172FF961F4E}
		{F20EBDA5-09D5-4F24-B9CF-5B6893E434EC} = {50D15BB8-73CE-46DA-B3A7-23459B2F8F4A}
		{01F42893-CE5E-4996-ADE1-7ED18F24B7AE} = {9F2A7390-3BEB-475B-9C44-5172FF961F4E}
		{D864F00F-9999-476E-9369-A50C876FFD93} = {9F2A7390-3BEB-475B-9C44-5172FF961F4E}
		{28FDFA26-13F8-480B-8D84-BF3D51544C1F} = {50D15BB8-73CE-46DA-B3A7-23459B2F8F4A}
		{26C32335-BC45-4A83-B8C8-30E6E57FF06D} = {9F2A7390-3BEB-475B-9C44-5172FF961F4E}
		{50D15BB8-73CE-46DA-B3A7-23459B2F8F4A} = {F68E3B36-19E2-4353-9596-775D68EA78C2}
		{15BFEC5E-9E3C-4C4C-91BF-39E47A123E51} = {F68E3B36-19E2-4353-9596-775D68EA78C2}
		{9F2A7390-3BEB-475B-9C44-5172FF961F4E} = {087854CD-BD7C-4F30-8DB9-E0FC1F682687}
		{2C35035F-0E01-4AF0-BDB1-839FE951A56E} = {087854CD-BD7C-4F30-8DB9-E0FC1F682687}
		{8B06ADE5-5B87-42EB-BDC3-A3DEEDD2C97E} = {15BFEC5E-9E3C-4C4C-91BF-39E47A123E51}
		{FBCD84CA-412A-41C5-A150-184908FDCC4F} = {15BFEC5E-9E3C-4C4C-91BF-39E47A123E51}
		{EFC82454-972D-4315-8E13-EB327247A2C6} = {15BFEC5E-9E3C-4C4C-91BF-39E47A123E51}
		{3A957515-F917-40D7-8F2B-5F1424A70B84} = {15BFEC5E-9E3C-4C4C-91BF-39E47A123E51}
		{26A172F7-F6B3-4B82-98E0-F58E91355A81} = {15BFEC5E-9E3C-4C4C-91BF-39E47A123E51}
		{672A495B-24F4-45E2-8C8F-DC7383B85AF8} = {15BFEC5E-9E3C-4C4C-91BF-39E47A123E51}
		{BFC1B52F-BA7E-48DC-820C-3466C4F6397B} = {2C35035F-0E01-4AF0-BDB1-839FE951A56E}
		{1B7625E0-3646-4A7D-8DFE-187130399784} = {BFC1B52F-BA7E-48DC-820C-3466C4F6397B}
		{1CF16FFA-3E73-44CE-A386-52C917E78F99} = {2C35035F-0E01-4AF0-BDB1-839FE951A56E}
		{9A1D89DC-8EF7-4C6B-98F9-BFAD01500490} = {1CF16FFA-3E73-44CE-A386-52C917E78F99}
		{AE32493C-11AC-49D6-891D-09F3A3302554} = {15BFEC5E-9E3C-4C4C-91BF-39E47A123E51}
		{0C681044-B7CD-4545-B878-20859D2054F8} = {2C35035F-0E01-4AF0-BDB1-839FE951A56E}
		{24C1B4E4-8466-408D-A3E6-5EFF38C42CDA} = {0C681044-B7CD-4545-B878-20859D2054F8}
		{2EF633B6-2459-43B0-9C5A-4ABECE9FDAFF} = {2C35035F-0E01-4AF0-BDB1-839FE951A56E}
		{012205EC-8C2A-4721-9F7A-862B187D903B} = {2EF633B6-2459-43B0-9C5A-4ABECE9FDAFF}
		{548F515C-DB6C-4A87-886D-37A7D830F723} = {2EF633B6-2459-43B0-9C5A-4ABECE9FDAFF}
		{8B7B0714-2DE0-4ED7-ABE1-F562E46365EC} = {15BFEC5E-9E3C-4C4C-91BF-39E47A123E51}
		{AEE1158B-C8B7-49FB-AE3C-E847484EE8B6} = {2C35035F-0E01-4AF0-BDB1-839FE951A56E}
		{A6E51B5E-A789-48EA-BF6A-AE9292FA1429} = {AEE1158B-C8B7-49FB-AE3C-E847484EE8B6}
		{B935438D-89C2-441F-BE34-11E26AF2936C} = {15BFEC5E-9E3C-4C4C-91BF-39E47A123E51}
		{6E0F8A30-8D69-47F5-B938-22F25CC2DBE9} = {2C35035F-0E01-4AF0-BDB1-839FE951A56E}
		{94EB2574-2071-4D0D-9AF8-185F3CE27F8D} = {6E0F8A30-8D69-47F5-B938-22F25CC2DBE9}
		{CB3D28D4-6992-4FBB-9D2C-880623486381} = {15BFEC5E-9E3C-4C4C-91BF-39E47A123E51}
		{C4A93F42-0C08-4A8F-86D0-4A4DEB5B7D57} = {2C35035F-0E01-4AF0-BDB1-839FE951A56E}
		{64F1CAB2-380B-4478-9D79-CC115A1B0831} = {C4A93F42-0C08-4A8F-86D0-4A4DEB5B7D57}
		{ECE96B4D-EFB1-428B-AA38-7CA6572A6308} = {15BFEC5E-9E3C-4C4C-91BF-39E47A123E51}
		{29D156DA-94AB-498C-85B2-8F12A45CF96D} = {2C35035F-0E01-4AF0-BDB1-839FE951A56E}
		{83F59FA6-AA78-4CE6-849D-EB338262AAAA} = {29D156DA-94AB-498C-85B2-8F12A45CF96D}
		{DBF4F71A-DD43-4367-BD9B-6C8BDB11588D} = {15BFEC5E-9E3C-4C4C-91BF-39E47A123E51}
		{A7B1D3CE-48B8-45EB-9D8C-D5296E7056BE} = {2C35035F-0E01-4AF0-BDB1-839FE951A56E}
		{403D5F68-95A5-48FA-AAE8-A16808698105} = {A7B1D3CE-48B8-45EB-9D8C-D5296E7056BE}
		{24253EAF-6832-4360-AF0E-2CB5057153AE} = {15BFEC5E-9E3C-4C4C-91BF-39E47A123E51}
		{42958D5F-2DFD-4623-8921-87D1B9E63E3F} = {087854CD-BD7C-4F30-8DB9-E0FC1F682687}
		{8F6924F1-A620-40B4-A1B7-EC2254E1DC06} = {42958D5F-2DFD-4623-8921-87D1B9E63E3F}
		{8899800D-557B-4071-964D-BC79E8C74F6D} = {087854CD-BD7C-4F30-8DB9-E0FC1F682687}
		{7824A51C-9E93-4008-BCDF-8B50111B10C4} = {8899800D-557B-4071-964D-BC79E8C74F6D}
		{55249020-897D-4EE1-8ECC-4F9F9381F984} = {2C35035F-0E01-4AF0-BDB1-839FE951A56E}
		{F21C7B47-10D0-4377-81B6-72869293BF0A} = {55249020-897D-4EE1-8ECC-4F9F9381F984}
		{1DA6EF44-B7FF-48C3-86D3-F78180AE0C10} = {2C35035F-0E01-4AF0-BDB1-839FE951A56E}
		{2A22CBE2-3A8D-4C69-86EB-DFA606AB717D} = {1DA6EF44-B7FF-48C3-86D3-F78180AE0C10}
		{13C99A66-DA7E-489F-BD5B-8539E767B0A3} = {4D67B2D4-464C-4C2C-86BF-911262DDA08B}
		{5532A505-ACDE-4251-86DB-FC984EE88C77} = {13C99A66-DA7E-489F-BD5B-8539E767B0A3}
		{2EC7943B-CA88-478C-B9B9-0BA4B50284F2} = {4D67B2D4-464C-4C2C-86BF-911262DDA08B}
		{0C0EEA22-C0DD-49E1-8CE6-1A7B0F76C6B8} = {2EC7943B-CA88-478C-B9B9-0BA4B50284F2}
	EndGlobalSection
	GlobalSection(ExtensibilityGlobals) = postSolution
		SolutionGuid = {7D76FB98-DA0D-4318-9AD2-19AFB74F2055}
	EndGlobalSection
EndGlobal
